<?xml version="1.0" encoding="utf-8"?>
<Project ToolsVersion="4.0" xmlns="http://schemas.microsoft.com/developer/msbuild/2003">
  <ItemGroup>
    <Filter Include="Logger">
      <UniqueIdentifier>{f05a0e43-56bd-4de0-b63f-01ddc16aa597}</UniqueIdentifier>
    </Filter>
    <Filter Include="DLL">
      <UniqueIdentifier>{ff572e08-c988-4939-9003-56e1c2c518a9}</UniqueIdentifier>
    </Filter>
  </ItemGroup>
  <ItemGroup>
    <ClInclude Include="ILogger.h">
      <Filter>Logger</Filter>
    </ClInclude>
    <ClInclude Include="TLogger.h">
      <Filter>Logger</Filter>
    </ClInclude>
    <ClInclude Include="framework.h">
      <Filter>DLL</Filter>
    </ClInclude>
    <ClInclude Include="pch.h">
      <Filter>DLL</Filter>
    </ClInclude>
  </ItemGroup>
  <ItemGroup>
    <ClCompile Include="ILogger.cpp">
      <Filter>Logger</Filter>
    </ClCompile>
    <ClCompile Include="dllmain.cpp">
      <Filter>DLL</Filter>
    </ClCompile>
    <ClCompile Include="TLogger.cpp">
      <Filter>Logger</Filter>
    </ClCompile>
    <ClCompile Include="pch.cpp">
      <Filter>DLL</Filter>
    </ClCompile>
  </ItemGroup>
</Project>